// !$*UTF8*$!
{
	archiveVersion = 1;
	classes = {
	};
	objectVersion = 46;
	objects = {

/* Begin PBXBuildFile section */
		BA8ACF401D957C700099261E /* AppDelegate.m in Sources */ = {isa = PBXBuildFile; fileRef = BA8ACF3F1D957C700099261E /* AppDelegate.m */; };
		BA8ACF431D957C700099261E /* main.m in Sources */ = {isa = PBXBuildFile; fileRef = BA8ACF421D957C700099261E /* main.m */; };
		BA8ACF451D957C700099261E /* Assets.xcassets in Resources */ = {isa = PBXBuildFile; fileRef = BA8ACF441D957C700099261E /* Assets.xcassets */; };
		BA8ACF481D957C700099261E /* MainMenu.xib in Resources */ = {isa = PBXBuildFile; fileRef = BA8ACF461D957C700099261E /* MainMenu.xib */; };
		BA8ACF531D957C710099261E /* ZHYContainerTests.m in Sources */ = {isa = PBXBuildFile; fileRef = BA8ACF521D957C710099261E /* ZHYContainerTests.m */; };
		BA8ACF601D957EB20099261E /* ZHYContainer.m in Sources */ = {isa = PBXBuildFile; fileRef = BA8ACF5F1D957EB20099261E /* ZHYContainer.m */; };
/* End PBXBuildFile section */

/* Begin PBXContainerItemProxy section */
		BA8ACF4F1D957C710099261E /* PBXContainerItemProxy */ = {
			isa = PBXContainerItemProxy;
			containerPortal = BA8ACF331D957C700099261E /* Project object */;
			proxyType = 1;
			remoteGlobalIDString = BA8ACF3A1D957C700099261E;
			remoteInfo = ZHYContainer;
		};
/* End PBXContainerItemProxy section */

/* Begin PBXFileReference section */
		BA8ACF3B1D957C700099261E /* ZHYContainer.app */ = {isa = PBXFileReference; explicitFileType = wrapper.application; includeInIndex = 0; path = ZHYContainer.app; sourceTree = BUILT_PRODUCTS_DIR; };
		BA8ACF3E1D957C700099261E /* AppDelegate.h */ = {isa = PBXFileReference; lastKnownFileType = sourcecode.c.h; path = AppDelegate.h; sourceTree = "<group>"; };
		BA8ACF3F1D957C700099261E /* AppDelegate.m */ = {isa = PBXFileReference; lastKnownFileType = sourcecode.c.objc; path = AppDelegate.m; sourceTree = "<group>"; };
		BA8ACF421D957C700099261E /* main.m */ = {isa = PBXFileReference; lastKnownFileType = sourcecode.c.objc; path = main.m; sourceTree = "<group>"; };
		BA8ACF441D957C700099261E /* Assets.xcassets */ = {isa = PBXFileReference; lastKnownFileType = folder.assetcatalog; path = Assets.xcassets; sourceTree = "<group>"; };
		BA8ACF471D957C700099261E /* Base */ = {isa = PBXFileReference; lastKnownFileType = file.xib; name = Base; path = Base.lproj/MainMenu.xib; sourceTree = "<group>"; };
		BA8ACF491D957C700099261E /* Info.plist */ = {isa = PBXFileReference; lastKnownFileType = text.plist.xml; path = Info.plist; sourceTree = "<group>"; };
		BA8ACF4E1D957C710099261E /* ZHYContainerTests.xctest */ = {isa = PBXFileReference; explicitFileType = wrapper.cfbundle; includeInIndex = 0; path = ZHYContainerTests.xctest; sourceTree = BUILT_PRODUCTS_DIR; };
		BA8ACF521D957C710099261E /* ZHYContainerTests.m */ = {isa = PBXFileReference; lastKnownFileType = sourcecode.c.objc; path = ZHYContainerTests.m; sourceTree = "<group>"; };
		BA8ACF541D957C710099261E /* Info.plist */ = {isa = PBXFileReference; lastKnownFileType = text.plist.xml; path = Info.plist; sourceTree = "<group>"; };
		BA8ACF5E1D957EB20099261E /* ZHYContainer.h */ = {isa = PBXFileReference; fileEncoding = 4; lastKnownFileType = sourcecode.c.h; path = ZHYContainer.h; sourceTree = "<group>"; };
		BA8ACF5F1D957EB20099261E /* ZHYContainer.m */ = {isa = PBXFileReference; fileEncoding = 4; lastKnownFileType = sourcecode.c.objc; path = ZHYContainer.m; sourceTree = "<group>"; };
		BA8ACF611D9580270099261E /* ZHYContainerProtocol.h */ = {isa = PBXFileReference; fileEncoding = 4; lastKnownFileType = sourcecode.c.h; path = ZHYContainerProtocol.h; sourceTree = "<group>"; };
		BA8ACF621D9584A20099261E /* ZHYObject.h */ = {isa = PBXFileReference; fileEncoding = 4; lastKnownFileType = sourcecode.c.h; path = ZHYObject.h; sourceTree = "<group>"; };
/* End PBXFileReference section */

/* Begin PBXFrameworksBuildPhase section */
		BA8ACF381D957C700099261E /* Frameworks */ = {
			isa = PBXFrameworksBuildPhase;
			buildActionMask = 2147483647;
			files = (
			);
			runOnlyForDeploymentPostprocessing = 0;
		};
		BA8ACF4B1D957C710099261E /* Frameworks */ = {
			isa = PBXFrameworksBuildPhase;
			buildActionMask = 2147483647;
			files = (
			);
			runOnlyForDeploymentPostprocessing = 0;
		};
/* End PBXFrameworksBuildPhase section */

/* Begin PBXGroup section */
		BA8ACF321D957C700099261E = {
			isa = PBXGroup;
			children = (
				BA8ACF3D1D957C700099261E /* ZHYContainer */,
				BA8ACF511D957C710099261E /* ZHYContainerTests */,
				BA8ACF3C1D957C700099261E /* Products */,
			);
			sourceTree = "<group>";
		};
		BA8ACF3C1D957C700099261E /* Products */ = {
			isa = PBXGroup;
			children = (
				BA8ACF3B1D957C700099261E /* ZHYContainer.app */,
				BA8ACF4E1D957C710099261E /* ZHYContainerTests.xctest */,
			);
			name = Products;
			sourceTree = "<group>";
		};
		BA8ACF3D1D957C700099261E /* ZHYContainer */ = {
			isa = PBXGroup;
			children = (
				BA8ACF5D1D957E880099261E /* Classes */,
				BA8ACF3E1D957C700099261E /* AppDelegate.h */,
				BA8ACF3F1D957C700099261E /* AppDelegate.m */,
				BA8ACF441D957C700099261E /* Assets.xcassets */,
				BA8ACF461D957C700099261E /* MainMenu.xib */,
				BA8ACF491D957C700099261E /* Info.plist */,
				BA8ACF411D957C700099261E /* Supporting Files */,
			);
			path = ZHYContainer;
			sourceTree = "<group>";
		};
		BA8ACF411D957C700099261E /* Supporting Files */ = {
			isa = PBXGroup;
			children = (
				BA8ACF421D957C700099261E /* main.m */,
			);
			name = "Supporting Files";
			sourceTree = "<group>";
		};
		BA8ACF511D957C710099261E /* ZHYContainerTests */ = {
			isa = PBXGroup;
			children = (
				BA8ACF521D957C710099261E /* ZHYContainerTests.m */,
				BA8ACF541D957C710099261E /* Info.plist */,
			);
			path = ZHYContainerTests;
			sourceTree = "<group>";
		};
		BA8ACF5D1D957E880099261E /* Classes */ = {
			isa = PBXGroup;
			children = (
				BA8ACF611D9580270099261E /* ZHYContainerProtocol.h */,
				BA8ACF5E1D957EB20099261E /* ZHYContainer.h */,
				BA8ACF5F1D957EB20099261E /* ZHYContainer.m */,
				BA8ACF621D9584A20099261E /* ZHYObject.h */,
			);
			name = Classes;
			sourceTree = "<group>";
		};
/* End PBXGroup section */

/* Begin PBXNativeTarget section */
		BA8ACF3A1D957C700099261E /* ZHYContainer */ = {
			isa = PBXNativeTarget;
			buildConfigurationList = BA8ACF571D957C710099261E /* Build configuration list for PBXNativeTarget "ZHYContainer" */;
			buildPhases = (
				BA8ACF371D957C700099261E /* Sources */,
				BA8ACF381D957C700099261E /* Frameworks */,
				BA8ACF391D957C700099261E /* Resources */,
			);
			buildRules = (
			);
			dependencies = (
			);
			name = ZHYContainer;
			productName = ZHYContainer;
			productReference = BA8ACF3B1D957C700099261E /* ZHYContainer.app */;
			productType = "com.apple.product-type.application";
		};
		BA8ACF4D1D957C710099261E /* ZHYContainerTests */ = {
			isa = PBXNativeTarget;
			buildConfigurationList = BA8ACF5A1D957C710099261E /* Build configuration list for PBXNativeTarget "ZHYContainerTests" */;
			buildPhases = (
				BA8ACF4A1D957C710099261E /* Sources */,
				BA8ACF4B1D957C710099261E /* Frameworks */,
				BA8ACF4C1D957C710099261E /* Resources */,
			);
			buildRules = (
			);
			dependencies = (
				BA8ACF501D957C710099261E /* PBXTargetDependency */,
			);
			name = ZHYContainerTests;
			productName = ZHYContainerTests;
			productReference = BA8ACF4E1D957C710099261E /* ZHYContainerTests.xctest */;
			productType = "com.apple.product-type.bundle.unit-test";
		};
/* End PBXNativeTarget section */

/* Begin PBXProject section */
		BA8ACF331D957C700099261E /* Project object */ = {
			isa = PBXProject;
			attributes = {
				LastUpgradeCheck = 0800;
				ORGANIZATIONNAME = Henry;
				TargetAttributes = {
					BA8ACF3A1D957C700099261E = {
						CreatedOnToolsVersion = 8.0;
						ProvisioningStyle = Automatic;
					};
					BA8ACF4D1D957C710099261E = {
						CreatedOnToolsVersion = 8.0;
						ProvisioningStyle = Automatic;
						TestTargetID = BA8ACF3A1D957C700099261E;
					};
				};
			};
			buildConfigurationList = BA8ACF361D957C700099261E /* Build configuration list for PBXProject "ZHYContainer" */;
			compatibilityVersion = "Xcode 3.2";
			developmentRegion = English;
			hasScannedForEncodings = 0;
			knownRegions = (
				en,
				Base,
			);
			mainGroup = BA8ACF321D957C700099261E;
			productRefGroup = BA8ACF3C1D957C700099261E /* Products */;
			projectDirPath = "";
			projectRoot = "";
			targets = (
				BA8ACF3A1D957C700099261E /* ZHYContainer */,
				BA8ACF4D1D957C710099261E /* ZHYContainerTests */,
			);
		};
/* End PBXProject section */

/* Begin PBXResourcesBuildPhase section */
		BA8ACF391D957C700099261E /* Resources */ = {
			isa = PBXResourcesBuildPhase;
			buildActionMask = 2147483647;
			files = (
				BA8ACF451D957C700099261E /* Assets.xcassets in Resources */,
				BA8ACF481D957C700099261E /* MainMenu.xib in Resources */,
			);
			runOnlyForDeploymentPostprocessing = 0;
		};
		BA8ACF4C1D957C710099261E /* Resources */ = {
			isa = PBXResourcesBuildPhase;
			buildActionMask = 2147483647;
			files = (
			);
			runOnlyForDeploymentPostprocessing = 0;
		};
/* End PBXResourcesBuildPhase section */

/* Begin PBXSourcesBuildPhase section */
		BA8ACF371D957C700099261E /* Sources */ = {
			isa = PBXSourcesBuildPhase;
			buildActionMask = 2147483647;
			files = (
				BA8ACF431D957C700099261E /* main.m in Sources */,
				BA8ACF601D957EB20099261E /* ZHYContainer.m in Sources */,
				BA8ACF401D957C700099261E /* AppDelegate.m in Sources */,
			);
			runOnlyForDeploymentPostprocessing = 0;
		};
		BA8ACF4A1D957C710099261E /* Sources */ = {
			isa = PBXSourcesBuildPhase;
			buildActionMask = 2147483647;
			files = (
				BA8ACF531D957C710099261E /* ZHYContainerTests.m in Sources */,
			);
			runOnlyForDeploymentPostprocessing = 0;
		};
/* End PBXSourcesBuildPhase section */

/* Begin PBXTargetDependency section */
		BA8ACF501D957C710099261E /* PBXTargetDependency */ = {
			isa = PBXTargetDependency;
			target = BA8ACF3A1D957C700099261E /* ZHYContainer */;
			targetProxy = BA8ACF4F1D957C710099261E /* PBXContainerItemProxy */;
		};
/* End PBXTargetDependency section */

/* Begin PBXVariantGroup section */
		BA8ACF461D957C700099261E /* MainMenu.xib */ = {
			isa = PBXVariantGroup;
			children = (
				BA8ACF471D957C700099261E /* Base */,
			);
			name = MainMenu.xib;
			sourceTree = "<group>";
		};
/* End PBXVariantGroup section */

/* Begin XCBuildConfiguration section */
		BA8ACF551D957C710099261E /* Debug */ = {
			isa = XCBuildConfiguration;
			buildSettings = {
				ALWAYS_SEARCH_USER_PATHS = NO;
				CLANG_ANALYZER_NONNULL = YES;
				CLANG_CXX_LANGUAGE_STANDARD = "gnu++0x";
				CLANG_CXX_LIBRARY = "libc++";
				CLANG_ENABLE_MODULES = YES;
				CLANG_ENABLE_OBJC_ARC = YES;
				CLANG_WARN_BOOL_CONVERSION = YES;
				CLANG_WARN_CONSTANT_CONVERSION = YES;
				CLANG_WARN_DIRECT_OBJC_ISA_USAGE = YES_ERROR;
				CLANG_WARN_DOCUMENTATION_COMMENTS = YES;
				CLANG_WARN_EMPTY_BODY = YES;
				CLANG_WARN_ENUM_CONVERSION = YES;
				CLANG_WARN_INFINITE_RECURSION = YES;
				CLANG_WARN_INT_CONVERSION = YES;
				CLANG_WARN_OBJC_ROOT_CLASS = YES_ERROR;
				CLANG_WARN_SUSPICIOUS_MOVES = YES;
				CLANG_WARN_UNREACHABLE_CODE = YES;
				CLANG_WARN__DUPLICATE_METHOD_MATCH = YES;
				CODE_SIGN_IDENTITY = "-";
				COPY_PHASE_STRIP = NO;
				DEBUG_INFORMATION_FORMAT = dwarf;
				ENABLE_STRICT_OBJC_MSGSEND = YES;
				ENABLE_TESTABILITY = YES;
				GCC_C_LANGUAGE_STANDARD = gnu99;
				GCC_DYNAMIC_NO_PIC = NO;
				GCC_NO_COMMON_BLOCKS = YES;
				GCC_OPTIMIZATION_LEVEL = 0;
				GCC_PREPROCESSOR_DEFINITIONS = (
					"DEBUG=1",
					"$(inherited)",
				);
				GCC_WARN_64_TO_32_BIT_CONVERSION = YES;
				GCC_WARN_ABOUT_RETURN_TYPE = YES_ERROR;
				GCC_WARN_UNDECLARED_SELECTOR = YES;
				GCC_WARN_UNINITIALIZED_AUTOS = YES_AGGRESSIVE;
				GCC_WARN_UNUSED_FUNCTION = YES;
				GCC_WARN_UNUSED_VARIABLE = YES;
				MACOSX_DEPLOYMENT_TARGET = 10.12;
				MTL_ENABLE_DEBUG_INFO = YES;
				ONLY_ACTIVE_ARCH = YES;
				SDKROOT = macosx;
			};
			name = Debug;
		};
		BA8ACF561D957C710099261E /* Release */ = {
			isa = XCBuildConfiguration;
			buildSettings = {
				ALWAYS_SEARCH_USER_PATHS = NO;
				CLANG_ANALYZER_NONNULL = YES;
				CLANG_CXX_LANGUAGE_STANDARD = "gnu++0x";
				CLANG_CXX_LIBRARY = "libc++";
				CLANG_ENABLE_MODULES = YES;
				CLANG_ENABLE_OBJC_ARC = YES;
				CLANG_WARN_BOOL_CONVERSION = YES;
				CLANG_WARN_CONSTANT_CONVERSION = YES;
				CLANG_WARN_DIRECT_OBJC_ISA_USAGE = YES_ERROR;
				CLANG_WARN_DOCUMENTATION_COMMENTS = YES;
				CLANG_WARN_EMPTY_BODY = YES;
				CLANG_WARN_ENUM_CONVERSION = YES;
				CLANG_WARN_INFINITE_RECURSION = YES;
				CLANG_WARN_INT_CONVERSION = YES;
				CLANG_WARN_OBJC_ROOT_CLASS = YES_ERROR;
				CLANG_WARN_SUSPICIOUS_MOVES = YES;
				CLANG_WARN_UNREACHABLE_CODE = YES;
				CLANG_WARN__DUPLICATE_METHOD_MATCH = YES;
				CODE_SIGN_IDENTITY = "-";
				COPY_PHASE_STRIP = NO;
				DEBUG_INFORMATION_FORMAT = "dwarf-with-dsym";
				ENABLE_NS_ASSERTIONS = NO;
				ENABLE_STRICT_OBJC_MSGSEND = YES;
				GCC_C_LANGUAGE_STANDARD = gnu99;
				GCC_NO_COMMON_BLOCKS = YES;
				GCC_WARN_64_TO_32_BIT_CONVERSION = YES;
				GCC_WARN_ABOUT_RETURN_TYPE = YES_ERROR;
				GCC_WARN_UNDECLARED_SELECTOR = YES;
				GCC_WARN_UNINITIALIZED_AUTOS = YES_AGGRESSIVE;
				GCC_WARN_UNUSED_FUNCTION = YES;
				GCC_WARN_UNUSED_VARIABLE = YES;
				MACOSX_DEPLOYMENT_TARGET = 10.12;
				MTL_ENABLE_DEBUG_INFO = NO;
				SDKROOT = macosx;
			};
			name = Release;
		};
		BA8ACF581D957C710099261E /* Debug */ = {
			isa = XCBuildConfiguration;
			buildSettings = {
				ASSETCATALOG_COMPILER_APPICON_NAME = AppIcon;
				COMBINE_HIDPI_IMAGES = YES;
				INFOPLIST_FILE = ZHYContainer/Info.plist;
				LD_RUNPATH_SEARCH_PATHS = "$(inherited) @executable_path/../Frameworks";
				PRODUCT_BUNDLE_IDENTIFIER = ZHY.ZHYContainer;
				PRODUCT_NAME = "$(TARGET_NAME)";
			};
			name = Debug;
		};
		BA8ACF591D957C710099261E /* Release */ = {
			isa = XCBuildConfiguration;
			buildSettings = {
				ASSETCATALOG_COMPILER_APPICON_NAME = AppIcon;
				COMBINE_HIDPI_IMAGES = YES;
				INFOPLIST_FILE = ZHYContainer/Info.plist;
				LD_RUNPATH_SEARCH_PATHS = "$(inherited) @executable_path/../Frameworks";
				PRODUCT_BUNDLE_IDENTIFIER = ZHY.ZHYContainer;
				PRODUCT_NAME = "$(TARGET_NAME)";
			};
			name = Release;
		};
		BA8ACF5B1D957C710099261E /* Debug */ = {
			isa = XCBuildConfiguration;
			buildSettings = {
				BUNDLE_LOADER = "$(TEST_HOST)";
				COMBINE_HIDPI_IMAGES = YES;
				INFOPLIST_FILE = ZHYContainerTests/Info.plist;
				LD_RUNPATH_SEARCH_PATHS = "$(inherited) @executable_path/../Frameworks @loader_path/../Frameworks";
				PRODUCT_BUNDLE_IDENTIFIER = ZHY.ZHYContainerTests;
				PRODUCT_NAME = "$(TARGET_NAME)";
				TEST_HOST = "$(BUILT_PRODUCTS_DIR)/ZHYContainer.app/Contents/MacOS/ZHYContainer";
			};
			name = Debug;
		};
		BA8ACF5C1D957C710099261E /* Release */ = {
			isa = XCBuildConfiguration;
			buildSettings = {
				BUNDLE_LOADER = "$(TEST_HOST)";
				COMBINE_HIDPI_IMAGES = YES;
				INFOPLIST_FILE = ZHYContainerTests/Info.plist;
				LD_RUNPATH_SEARCH_PATHS = "$(inherited) @executable_path/../Frameworks @loader_path/../Frameworks";
				PRODUCT_BUNDLE_IDENTIFIER = ZHY.ZHYContainerTests;
				PRODUCT_NAME = "$(TARGET_NAME)";
				TEST_HOST = "$(BUILT_PRODUCTS_DIR)/ZHYContainer.app/Contents/MacOS/ZHYContainer";
			};
			name = Release;
		};
/* End XCBuildConfiguration section */

/* Begin XCConfigurationList section */
		BA8ACF361D957C700099261E /* Build configuration list for PBXProject "ZHYContainer" */ = {
			isa = XCConfigurationList;
			buildConfigurations = (
				BA8ACF551D957C710099261E /* Debug */,
				BA8ACF561D957C710099261E /* Release */,
			);
			defaultConfigurationIsVisible = 0;
			defaultConfigurationName = Release;
		};
		BA8ACF571D957C710099261E /* Build configuration list for PBXNativeTarget "ZHYContainer" */ = {
			isa = XCConfigurationList;
			buildConfigurations = (
				BA8ACF581D957C710099261E /* Debug */,
				BA8ACF591D957C710099261E /* Release */,
			);
			defaultConfigurationIsVisible = 0;
		};
		BA8ACF5A1D957C710099261E /* Build configuration list for PBXNativeTarget "ZHYContainerTests" */ = {
			isa = XCConfigurationList;
			buildConfigurations = (
				BA8ACF5B1D957C710099261E /* Debug */,
				BA8ACF5C1D957C710099261E /* Release */,
			);
			defaultConfigurationIsVisible = 0;
		};
/* End XCConfigurationList section */
	};
	rootObject = BA8ACF331D957C700099261E /* Project object */;
}
